# @generated - this file is auto-generated by `mise lock` https://mise.jdx.dev/dev-tools/mise-lock.html

[[tools.flutter]]
version = "3.47.6"
backend = "http:flutter"

[tools.flutter."platforms.linux-x64"]
checksum = "blake3:f9bb369bdfe3f175c68705694c9f284e62ab9867e9125a51cee8519844081c3c"
url = "https://storage.googleapis.com/flutter_infra_release/releases/stable/linux/flutter_linux_3.47.6-stable.tar.xz"

[tools.flutter."platforms.linux-x64-musl"]
checksum = "sha256:f1631b9c2c8b3529323db412b0d1beacf4a748f8783b0d7cf599a8fd5f461675"
url = "https://storage.googleapis.com/flutter_infra_release/releases/stable/linux/flutter_linux_3.47.6-stable.tar.xz"

[tools.flutter."platforms.macos-arm64"]
checksum = "sha256:a1946d3b6b3de15ce247dc89649df9035ce29e6b4e7ebe91919a25890ea2e79a"
url = "https://storage.googleapis.com/flutter_infra_release/releases/stable/macos/flutter_macos_arm64_3.47.6-stable.zip"

[tools.flutter."platforms.macos-x64"]
checksum = "sha256:f1f68c777b2b34153e1631670445efbeb218f42a398be32bba2051476719b0a4"
url = "https://storage.googleapis.com/flutter_infra_release/releases/stable/macos/flutter_macos_3.47.6-stable.zip"

[tools.flutter."platforms.windows-x64"]
checksum = "sha256:a01bb0d26de91bc23c97cd9ccfaad281a612fb8304213fdd5df1119a09404796"
url = "https://storage.googleapis.com/flutter_infra_release/releases/stable/windows/flutter_windows_3.47.6-stable.zip"

[[tools."http:android-cli"]]
version = "1.0"
backend = "http:android-cli"

[tools."http:android-cli"."platforms.linux-arm64"]
url = "https://dl.google.com/android/cli/latest/linux_x86_64/android"

[tools."http:android-cli"."platforms.linux-arm64-musl"]
url = "https://dl.google.com/android/cli/latest/linux_x86_64/android"

[tools."http:android-cli"."platforms.linux-x64"]
url = "https://dl.google.com/android/cli/latest/linux_x86_64/android"

[tools."http:android-cli"."platforms.linux-x64-musl"]
url = "https://dl.google.com/android/cli/latest/linux_x86_64/android"

[tools."http:android-cli"."platforms.macos-arm64"]
url = "https://dl.google.com/android/cli/latest/macos_x86_64/android"

[tools."http:android-cli"."platforms.macos-x64"]
url = "https://dl.google.com/android/cli/latest/macos_x86_64/android"

[tools."http:android-cli"."platforms.windows-x64"]
url = "https://dl.google.com/android/cli/latest/windows_x86_64/android"

[[tools.java]]
version = "temurin-25.0.4+7.0.LTS"
backend = "core:java"

[tools.java."platforms.linux-arm64"]
checksum = "sha256:621f7196f0b682fb557da58bec89bd7dfe5419811fe1c0ba75c9cc8432f084c7"
url = "https://github.com/adoptium/temurin25-binaries/releases/download/jdk-25.0.4%2B7/OpenJDK25U-jdk_aarch64_linux_hotspot_25.0.4_7.tar.gz"

[tools.java."platforms.linux-arm64-musl"]
checksum = "sha256:3d1c5c7877e320c2cff8154cfca9af948089912b6efc6123bb21726b7055bc62"
url = "https://github.com/adoptium/temurin25-binaries/releases/download/jdk-25.0.4%2B7/OpenJDK25U-jdk_aarch64_alpine-linux_hotspot_25.0.4_7.tar.gz"

[tools.java."platforms.linux-x64"]
checksum = "sha256:e58fcdcd637b25c03ca84cbbcefc70d11efb8f4b4cbd05decc9f661769d77f94"
url = "https://github.com/adoptium/temurin25-binaries/releases/download/jdk-25.0.4%2B7/OpenJDK25U-jdk_x64_linux_hotspot_25.0.4_7.tar.gz"

[tools.java."platforms.linux-x64-musl"]
checksum = "sha256:c6f3e9f975c130169283363bf0ef2fc55f45c36eacc909141ffa7189cd7bdcb7"
url = "https://github.com/adoptium/temurin25-binaries/releases/download/jdk-25.0.4%2B7/OpenJDK25U-jdk_x64_alpine-linux_hotspot_25.0.4_7.tar.gz"

[tools.java."platforms.macos-arm64"]
checksum = "sha256:5a101c54abf5a9f16c0f70d8c38ba99e6567c1ba213378f0bb04497284f051bd"
url = "https://github.com/adoptium/temurin25-binaries/releases/download/jdk-25.0.4%2B7/OpenJDK25U-jdk_aarch64_mac_hotspot_25.0.4_7.tar.gz"

[tools.java."platforms.macos-x64"]
checksum = "sha256:a5ac9c46dad47ac06df35e36d096913195d8da1f3f71918828bcc2cfe33869b7"
url = "https://github.com/adoptium/temurin25-binaries/releases/download/jdk-25.0.4%2B7/OpenJDK25U-jdk_x64_mac_hotspot_25.0.4_7.tar.gz"

[tools.java."platforms.windows-x64"]
checksum = "sha256:7caab7db43bf4b94a2e6252c699e70d90084f9aa7c943cd3414761fd540937ae"
url = "https://github.com/adoptium/temurin25-binaries/releases/download/jdk-25.0.4%2B7/OpenJDK25U-jdk_x64_windows_hotspot_25.0.4_7.zip"

[[tools.node]]
version = "26.10.0"
backend = "core:node"

[tools.node."platforms.linux-arm64"]
checksum = "sha256:423a41bff8e2a2fa15e702fefe2919ef95823b2378744daccb8439302534b44f"
url = "https://nodejs.org/dist/v26.10.0/node-v26.10.0-linux-arm64.tar.gz"

[tools.node."platforms.linux-arm64-musl"]
checksum = "sha256:d26027bff3197050d2a2b0bfa151b18e8378ed81affa2bf5093804db158979b6"
url = "https://unofficial-builds.nodejs.org/download/release/v26.10.0/node-v26.10.0-linux-arm64-musl.tar.gz"

[tools.node."platforms.linux-x64"]
checksum = "sha256:cb5c9ce9c80d7b8821e3a258543c71b939138cf17c74d5cc44bbe85d6dbc5ad8"
url = "https://nodejs.org/dist/v26.10.0/node-v26.10.0-linux-x64.tar.gz"

[tools.node."platforms.linux-x64-musl"]
checksum = "sha256:e42da94821b9422eb76bf5aaf4de0977e04ba320b8aff6148d895a94b08ee223"
url = "https://unofficial-builds.nodejs.org/download/release/v26.10.0/node-v26.10.0-linux-x64-musl.tar.gz"

[tools.node."platforms.macos-arm64"]
checksum = "sha256:751fdf7439f115d87ee2a8f3f18c065b6151852068e3e666ac60ac2996f75ac9"
url = "https://nodejs.org/dist/v26.10.0/node-v26.10.0-darwin-arm64.tar.gz"

[tools.node."platforms.macos-x64"]
checksum = "sha256:ebbe9ab9b58ad6bb54390d6e2c862c1afa7d4475fb7e8ae8146acde211bf70df"
url = "https://nodejs.org/dist/v26.10.0/node-v26.10.0-darwin-x64.tar.gz"

[tools.node."platforms.windows-x64"]
checksum = "sha256:9fef7eca6743a6b910989cd8e78712376b394fcb9b6e1e9c44a0799a287f90c5"
url = "https://nodejs.org/dist/v26.10.0/node-v26.10.0-win-x64.zip"

[[tools.pnpm]]
version = "12.8.1"
backend = "aqua:pnpm/pnpm"

[tools.pnpm."platforms.linux-arm64"]
checksum = "sha256:75c5e34d3164fe3d3549580b1b1b59c9dd16543e558dec722b686193cdb7dfa1"
url = "https://github.com/pnpm/pnpm/releases/download/v12.8.1/pnpm-linux-arm64.tar.gz"
url_api = "https://api.github.com/repos/pnpm/pnpm/releases/assets/595935899"
provenance = "github-attestations"

[tools.pnpm."platforms.linux-arm64-musl"]
checksum = "sha256:27ad77bdf5368c1747f46fff0d0ee213ed6185aaf69e13342964f5f7cc3f8714"
url = "https://github.com/pnpm/pnpm/releases/download/v12.8.1/pnpm-linux-arm64-musl.tar.gz"
url_api = "https://api.github.com/repos/pnpm/pnpm/releases/assets/595935889"
provenance = "github-attestations"

[tools.pnpm."platforms.linux-x64"]
checksum = "sha256:db3906881f63e41b655e3b97d473603dc26326c2470d0b1b8083689e1bcbd1e8"
url = "https://github.com/pnpm/pnpm/releases/download/v12.8.1/pnpm-linux-x64.tar.gz"
url_api = "https://api.github.com/repos/pnpm/pnpm/releases/assets/595935887"
provenance = "github-attestations"

[tools.pnpm."platforms.linux-x64-musl"]
checksum = "sha256:f0a2db13d0a1b63c0053a5ddcfbf5c454b040e7ef54ca8771750e2cb55b86693"
url = "https://github.com/pnpm/pnpm/releases/download/v12.8.1/pnpm-linux-x64-musl.tar.gz"
url_api = "https://api.github.com/repos/pnpm/pnpm/releases/assets/595935901"
provenance = "github-attestations"

[tools.pnpm."platforms.macos-arm64"]
checksum = "sha256:8eeeae4cd714b2f1755750d303f5b1bcfe23d95ed7245536305d0c3877c5ce41"
url = "https://github.com/pnpm/pnpm/releases/download/v12.8.1/pnpm-darwin-arm64.tar.gz"
url_api = "https://api.github.com/repos/pnpm/pnpm/releases/assets/595935883"
provenance = "github-attestations"

[tools.pnpm."platforms.macos-x64"]
checksum = "sha256:8cbc5a840b4bcd8c0da878e6616a832d88e98a8acbedf1736310b395467f4a13"
url = "https://github.com/pnpm/pnpm/releases/download/v12.8.1/pnpm-darwin-x64.tar.gz"
url_api = "https://api.github.com/repos/pnpm/pnpm/releases/assets/595935890"
provenance = "github-attestations"

[tools.pnpm."platforms.windows-x64"]
checksum = "sha256:823fc131326afeee292e113e2299ca9851c3ee5148a7de921c897f0170de6f05"
url = "https://github.com/pnpm/pnpm/releases/download/v12.8.1/pnpm-win32-x64.zip"
url_api = "https://api.github.com/repos/pnpm/pnpm/releases/assets/595935888"
provenance = "github-attestations"
