# @generated - this file is auto-generated by `mise lock` https://mise.jdx.dev/dev-tools/mise-lock.html

[[tools.flutter]]
version = "3.44.8"
backend = "http:flutter"

[tools.flutter."platforms.linux-x64"]
checksum = "sha256:672089e001571a9fbb209a495c583580c0c6c73ef98999264ba07fa93ace332d"
url = "https://storage.googleapis.com/flutter_infra_release/releases/stable/linux/flutter_linux_3.44.8-stable.tar.xz"

[tools.flutter."platforms.linux-x64-musl"]
checksum = "sha256:672089e001571a9fbb209a495c583580c0c6c73ef98999264ba07fa93ace332d"
url = "https://storage.googleapis.com/flutter_infra_release/releases/stable/linux/flutter_linux_3.44.8-stable.tar.xz"

[tools.flutter."platforms.macos-arm64"]
checksum = "sha256:c3d6fe95078f7001d947a31d42527de91d5bfe62e4cf444a1493a2e8f1fb199d"
url = "https://storage.googleapis.com/flutter_infra_release/releases/stable/macos/flutter_macos_arm64_3.44.8-stable.zip"

[tools.flutter."platforms.macos-x64"]
checksum = "sha256:b2f765234217327a5859d046c9f3b167387b61da5408b5866ed448d905877c66"
url = "https://storage.googleapis.com/flutter_infra_release/releases/stable/macos/flutter_macos_3.44.8-stable.zip"

[tools.flutter."platforms.windows-x64"]
checksum = "sha256:095c108a08e0377d8a6501fed65aeb288908a070ed3f135e525dc6431c7686e4"
url = "https://storage.googleapis.com/flutter_infra_release/releases/stable/windows/flutter_windows_3.44.8-stable.zip"

[[tools."http:android-cli"]]
version = "1.0"
backend = "http:android-cli"

[tools."http:android-cli"."platforms.linux-arm64"]
url = "https://dl.google.com/android/cli/latest/linux_x86_64/android"

[tools."http:android-cli"."platforms.linux-arm64-musl"]
url = "https://dl.google.com/android/cli/latest/linux_x86_64/android"

[tools."http:android-cli"."platforms.linux-x64"]
url = "https://dl.google.com/android/cli/latest/linux_x86_64/android"

[tools."http:android-cli"."platforms.linux-x64-musl"]
url = "https://dl.google.com/android/cli/latest/linux_x86_64/android"

[tools."http:android-cli"."platforms.macos-arm64"]
url = "https://dl.google.com/android/cli/latest/macos_x86_64/android"

[tools."http:android-cli"."platforms.macos-x64"]
url = "https://dl.google.com/android/cli/latest/macos_x86_64/android"

[tools."http:android-cli"."platforms.windows-x64"]
url = "https://dl.google.com/android/cli/latest/windows_x86_64/android"

[[tools.java]]
version = "temurin-25.0.3+9.0.LTS"
backend = "core:java"

[tools.java."platforms.linux-arm64"]
checksum = "sha256:3e4287cb98870ba824ed698854bdc27cff984254caf66dd12cc291e7bfdde26b"
url = "https://github.com/adoptium/temurin25-binaries/releases/download/jdk-25.0.3%2B9/OpenJDK25U-jdk_aarch64_linux_hotspot_25.0.3_9.tar.gz"

[tools.java."platforms.linux-arm64-musl"]
checksum = "sha256:6ed368e93049d3b188c045fce0b20953bbea92fe0614dbbf4d3fd8daad7be3b2"
url = "https://github.com/adoptium/temurin25-binaries/releases/download/jdk-25.0.3%2B9/OpenJDK25U-jdk_aarch64_alpine-linux_hotspot_25.0.3_9.tar.gz"

[tools.java."platforms.linux-x64"]
checksum = "sha256:69264a7a211bf5029830d07bc3370f879769d62ebc5b5488e90c9343a2da0e1f"
url = "https://github.com/adoptium/temurin25-binaries/releases/download/jdk-25.0.3%2B9/OpenJDK25U-jdk_x64_linux_hotspot_25.0.3_9.tar.gz"

[tools.java."platforms.linux-x64-musl"]
checksum = "sha256:51c2415b370aac7c3796b0c4663c8fcf91bc22d76f03df95b25fa5667cb5fdd8"
url = "https://github.com/adoptium/temurin25-binaries/releases/download/jdk-25.0.3%2B9/OpenJDK25U-jdk_x64_alpine-linux_hotspot_25.0.3_9.tar.gz"

[tools.java."platforms.macos-arm64"]
checksum = "sha256:7baab4d69a15554e119b86ff78d40e3fdc28819b5b322955c913cebfe3f6a37c"
url = "https://github.com/adoptium/temurin25-binaries/releases/download/jdk-25.0.3%2B9/OpenJDK25U-jdk_aarch64_mac_hotspot_25.0.3_9.tar.gz"

[tools.java."platforms.macos-x64"]
checksum = "sha256:4c539a18b4d656960ff6766727e9ca546fc17f7a29714dba9e7b47bdcb37c447"
url = "https://github.com/adoptium/temurin25-binaries/releases/download/jdk-25.0.3%2B9/OpenJDK25U-jdk_x64_mac_hotspot_25.0.3_9.tar.gz"

[tools.java."platforms.windows-x64"]
checksum = "sha256:709312cd0420296d9b9de917fe6e28a5b979e875ee5ab91783fb79bcd5857235"
url = "https://github.com/adoptium/temurin25-binaries/releases/download/jdk-25.0.3%2B9/OpenJDK25U-jdk_x64_windows_hotspot_25.0.3_9.zip"

[[tools.node]]
version = "26.5.1"
backend = "core:node"

[tools.node."platforms.linux-arm64"]
checksum = "sha256:21194bbf41c18d9ec277545c4d14cce8597d57a9d9f494c323d8121a25de33e8"
url = "https://nodejs.org/dist/v26.5.1/node-v26.5.1-linux-arm64.tar.gz"

[tools.node."platforms.linux-arm64-musl"]
checksum = "sha256:34f620b8dad6e8c9188623e46b20f1a07283dcb1b32eba471efb08ca573444b3"
url = "https://unofficial-builds.nodejs.org/download/release/v26.5.1/node-v26.5.1-linux-arm64-musl.tar.gz"

[tools.node."platforms.linux-x64"]
checksum = "sha256:2b07f09c218d473a26442bff5a90151f53f7b7c0a23bad244eda2c26303a2ba7"
url = "https://nodejs.org/dist/v26.5.1/node-v26.5.1-linux-x64.tar.gz"

[tools.node."platforms.linux-x64-musl"]
checksum = "sha256:95ca909bbb80688262c5b27d98ced7878bdecff2cf1f62069fa7c9c61afc0a5b"
url = "https://unofficial-builds.nodejs.org/download/release/v26.5.1/node-v26.5.1-linux-x64-musl.tar.gz"

[tools.node."platforms.macos-arm64"]
checksum = "sha256:f4387df0b46556516d19abf2f2d6806481ac8368aa7f9d96bafed422a56a1d01"
url = "https://nodejs.org/dist/v26.5.1/node-v26.5.1-darwin-arm64.tar.gz"

[tools.node."platforms.macos-x64"]
checksum = "sha256:077d5c936868dab19d21f77f1e71ce13697e80b3e86a399dcab238902a2ebf93"
url = "https://nodejs.org/dist/v26.5.1/node-v26.5.1-darwin-x64.tar.gz"

[tools.node."platforms.windows-x64"]
checksum = "sha256:c432c996b95cbf7568f13a0fbb37526de84a27e3a5c520c3be15f05a9a168212"
url = "https://nodejs.org/dist/v26.5.1/node-v26.5.1-win-x64.zip"

[[tools.pnpm]]
version = "11.18.0"
backend = "aqua:pnpm/pnpm"

[tools.pnpm."platforms.linux-arm64"]
checksum = "sha256:f9c09bb564421d9d39dfff60af41df88a4864af5637afdabe5f54d12853f8426"
url = "https://github.com/pnpm/pnpm/releases/download/v11.18.0/pnpm-linux-arm64.tar.gz"
url_api = "https://api.github.com/repos/pnpm/pnpm/releases/assets/493764733"
provenance = "github-attestations"

[tools.pnpm."platforms.linux-arm64-musl"]
checksum = "sha256:ccfbcfb24d225bfa906b09d48b58b0c9f9f79d1d101c1374e60593b640a99abe"
url = "https://github.com/pnpm/pnpm/releases/download/v11.18.0/pnpm-linux-arm64-musl.tar.gz"
url_api = "https://api.github.com/repos/pnpm/pnpm/releases/assets/493764742"
provenance = "github-attestations"

[tools.pnpm."platforms.linux-x64"]
checksum = "sha256:f4e62794c56f7a1ad01097f94b90ca95680080aa2e83ebc3d0a751fb8aa8e4ad"
url = "https://github.com/pnpm/pnpm/releases/download/v11.18.0/pnpm-linux-x64.tar.gz"
url_api = "https://api.github.com/repos/pnpm/pnpm/releases/assets/493764737"
provenance = "github-attestations"

[tools.pnpm."platforms.linux-x64-musl"]
checksum = "sha256:3e138eb305247bc98b4e70bb759a9da09b32e8cdebc0e3c598e44dc0e98c89c5"
url = "https://github.com/pnpm/pnpm/releases/download/v11.18.0/pnpm-linux-x64-musl.tar.gz"
url_api = "https://api.github.com/repos/pnpm/pnpm/releases/assets/493764739"
provenance = "github-attestations"

[tools.pnpm."platforms.macos-arm64"]
checksum = "sha256:c3ace80f45e3550503310c2669616602f2c514f46a2f475f481088887a55abc1"
url = "https://github.com/pnpm/pnpm/releases/download/v11.18.0/pnpm-darwin-arm64.tar.gz"
url_api = "https://api.github.com/repos/pnpm/pnpm/releases/assets/493764741"
provenance = "github-attestations"

[tools.pnpm."platforms.windows-x64"]
checksum = "sha256:16cc9dbbf86f723936eb9aa5dd37f9d13bdb2068fc7319162236c86746706249"
url = "https://github.com/pnpm/pnpm/releases/download/v11.18.0/pnpm-win32-x64.zip"
url_api = "https://api.github.com/repos/pnpm/pnpm/releases/assets/493764734"
provenance = "github-attestations"
